
Microsoft Visual Studio Solution File, Format Version 12.00
# Visual Studio 14
VisualStudioVersion = 14.0.25420.1
MinimumVisualStudioVersion = 10.0.40219.1
Project("{FAE04EC0-301F-11D3-BF4B-00C04F79EFBC}") = "EdaysBlueToothBeacon", "EdaysBlueToothBeacon\EdaysBlueToothBeacon\EdaysBlueToothBeacon.csproj", "{0D427A7A-4907-428D-A9D3-1042124DC659}"
EndProject
Project("{FAE04EC0-301F-11D3-BF4B-00C04F79EFBC}") = "EdaysBlueToothBeacon.Droid", "EdaysBlueToothBeacon\EdaysBlueToothBeacon.Droid\EdaysBlueToothBeacon.Droid.csproj", "{ADD28B86-F170-4888-97F3-4CF1136C321A}"
EndProject
Project("{FAE04EC0-301F-11D3-BF4B-00C04F79EFBC}") = "EdaysBlueToothBeacon.iOS", "EdaysBlueToothBeacon\EdaysBlueToothBeacon.iOS\EdaysBlueToothBeacon.iOS.csproj", "{223E22C6-B0F4-441E-97ED-7BF981EE3524}"
EndProject
Project("{FAE04EC0-301F-11D3-BF4B-00C04F79EFBC}") = "EdaysBlueToothBeacon.WinPhone", "EdaysBlueToothBeacon\EdaysBlueToothBeacon.WinPhone\EdaysBlueToothBeacon.WinPhone.csproj", "{ABA30136-2D7A-4FA5-914C-E47C7A0F2878}"
EndProject
Project("{FAE04EC0-301F-11D3-BF4B-00C04F79EFBC}") = "EdaysBlueToothBeacon.Windows", "EdaysBlueToothBeacon\EdaysBlueToothBeacon.Windows\EdaysBlueToothBeacon.Windows.csproj", "{F5733A37-A4ED-4408-B9D0-A44AF41A7F5C}"
EndProject
Global
	GlobalSection(SolutionConfigurationPlatforms) = preSolution
		Ad-Hoc|Any CPU = Ad-Hoc|Any CPU
		Ad-Hoc|ARM = Ad-Hoc|ARM
		Ad-Hoc|iPhone = Ad-Hoc|iPhone
		Ad-Hoc|iPhoneSimulator = Ad-Hoc|iPhoneSimulator
		Ad-Hoc|x64 = Ad-Hoc|x64
		Ad-Hoc|x86 = Ad-Hoc|x86
		AppStore|Any CPU = AppStore|Any CPU
		AppStore|ARM = AppStore|ARM
		AppStore|iPhone = AppStore|iPhone
		AppStore|iPhoneSimulator = AppStore|iPhoneSimulator
		AppStore|x64 = AppStore|x64
		AppStore|x86 = AppStore|x86
		Debug|Any CPU = Debug|Any CPU
		Debug|ARM = Debug|ARM
		Debug|iPhone = Debug|iPhone
		Debug|iPhoneSimulator = Debug|iPhoneSimulator
		Debug|x64 = Debug|x64
		Debug|x86 = Debug|x86
		Release|Any CPU = Release|Any CPU
		Release|ARM = Release|ARM
		Release|iPhone = Release|iPhone
		Release|iPhoneSimulator = Release|iPhoneSimulator
		Release|x64 = Release|x64
		Release|x86 = Release|x86
	EndGlobalSection
	GlobalSection(ProjectConfigurationPlatforms) = postSolution
		{0D427A7A-4907-428D-A9D3-1042124DC659}.Ad-Hoc|Any CPU.ActiveCfg = Release|Any CPU
		{0D427A7A-4907-428D-A9D3-1042124DC659}.Ad-Hoc|Any CPU.Build.0 = Release|Any CPU
		{0D427A7A-4907-428D-A9D3-1042124DC659}.Ad-Hoc|ARM.ActiveCfg = Release|Any CPU
		{0D427A7A-4907-428D-A9D3-1042124DC659}.Ad-Hoc|ARM.Build.0 = Release|Any CPU
		{0D427A7A-4907-428D-A9D3-1042124DC659}.Ad-Hoc|iPhone.ActiveCfg = Release|Any CPU
		{0D427A7A-4907-428D-A9D3-1042124DC659}.Ad-Hoc|iPhone.Build.0 = Release|Any CPU
		{0D427A7A-4907-428D-A9D3-1042124DC659}.Ad-Hoc|iPhoneSimulator.ActiveCfg = Release|Any CPU
		{0D427A7A-4907-428D-A9D3-1042124DC659}.Ad-Hoc|iPhoneSimulator.Build.0 = Release|Any CPU
		{0D427A7A-4907-428D-A9D3-1042124DC659}.Ad-Hoc|x64.ActiveCfg = Release|Any CPU
		{0D427A7A-4907-428D-A9D3-1042124DC659}.Ad-Hoc|x64.Build.0 = Release|Any CPU
		{0D427A7A-4907-428D-A9D3-1042124DC659}.Ad-Hoc|x86.ActiveCfg = Release|Any CPU
		{0D427A7A-4907-428D-A9D3-1042124DC659}.Ad-Hoc|x86.Build.0 = Release|Any CPU
		{0D427A7A-4907-428D-A9D3-1042124DC659}.AppStore|Any CPU.ActiveCfg = Release|Any CPU
		{0D427A7A-4907-428D-A9D3-1042124DC659}.AppStore|Any CPU.Build.0 = Release|Any CPU
		{0D427A7A-4907-428D-A9D3-1042124DC659}.AppStore|ARM.ActiveCfg = Release|Any CPU
		{0D427A7A-4907-428D-A9D3-1042124DC659}.AppStore|ARM.Build.0 = Release|Any CPU
		{0D427A7A-4907-428D-A9D3-1042124DC659}.AppStore|iPhone.ActiveCfg = Release|Any CPU
		{0D427A7A-4907-428D-A9D3-1042124DC659}.AppStore|iPhone.Build.0 = Release|Any CPU
		{0D427A7A-4907-428D-A9D3-1042124DC659}.AppStore|iPhoneSimulator.ActiveCfg = Release|Any CPU
		{0D427A7A-4907-428D-A9D3-1042124DC659}.AppStore|iPhoneSimulator.Build.0 = Release|Any CPU
		{0D427A7A-4907-428D-A9D3-1042124DC659}.AppStore|x64.ActiveCfg = Release|Any CPU
		{0D427A7A-4907-428D-A9D3-1042124DC659}.AppStore|x64.Build.0 = Release|Any CPU
		{0D427A7A-4907-428D-A9D3-1042124DC659}.AppStore|x86.ActiveCfg = Release|Any CPU
		{0D427A7A-4907-428D-A9D3-1042124DC659}.AppStore|x86.Build.0 = Release|Any CPU
		{0D427A7A-4907-428D-A9D3-1042124DC659}.Debug|Any CPU.ActiveCfg = Debug|Any CPU
		{0D427A7A-4907-428D-A9D3-1042124DC659}.Debug|Any CPU.Build.0 = Debug|Any CPU
		{0D427A7A-4907-428D-A9D3-1042124DC659}.Debug|ARM.ActiveCfg = Debug|Any CPU
		{0D427A7A-4907-428D-A9D3-1042124DC659}.Debug|ARM.Build.0 = Debug|Any CPU
		{0D427A7A-4907-428D-A9D3-1042124DC659}.Debug|iPhone.ActiveCfg = Debug|Any CPU
		{0D427A7A-4907-428D-A9D3-1042124DC659}.Debug|iPhone.Build.0 = Debug|Any CPU
		{0D427A7A-4907-428D-A9D3-1042124DC659}.Debug|iPhoneSimulator.ActiveCfg = Debug|Any CPU
		{0D427A7A-4907-428D-A9D3-1042124DC659}.Debug|iPhoneSimulator.Build.0 = Debug|Any CPU
		{0D427A7A-4907-428D-A9D3-1042124DC659}.Debug|x64.ActiveCfg = Debug|Any CPU
		{0D427A7A-4907-428D-A9D3-1042124DC659}.Debug|x64.Build.0 = Debug|Any CPU
		{0D427A7A-4907-428D-A9D3-1042124DC659}.Debug|x86.ActiveCfg = Debug|Any CPU
		{0D427A7A-4907-428D-A9D3-1042124DC659}.Debug|x86.Build.0 = Debug|Any CPU
		{0D427A7A-4907-428D-A9D3-1042124DC659}.Release|Any CPU.ActiveCfg = Release|Any CPU
		{0D427A7A-4907-428D-A9D3-1042124DC659}.Release|Any CPU.Build.0 = Release|Any CPU
		{0D427A7A-4907-428D-A9D3-1042124DC659}.Release|ARM.ActiveCfg = Release|Any CPU
		{0D427A7A-4907-428D-A9D3-1042124DC659}.Release|ARM.Build.0 = Release|Any CPU
		{0D427A7A-4907-428D-A9D3-1042124DC659}.Release|iPhone.ActiveCfg = Release|Any CPU
		{0D427A7A-4907-428D-A9D3-1042124DC659}.Release|iPhone.Build.0 = Release|Any CPU
		{0D427A7A-4907-428D-A9D3-1042124DC659}.Release|iPhoneSimulator.ActiveCfg = Release|Any CPU
		{0D427A7A-4907-428D-A9D3-1042124DC659}.Release|iPhoneSimulator.Build.0 = Release|Any CPU
		{0D427A7A-4907-428D-A9D3-1042124DC659}.Release|x64.ActiveCfg = Release|Any CPU
		{0D427A7A-4907-428D-A9D3-1042124DC659}.Release|x64.Build.0 = Release|Any CPU
		{0D427A7A-4907-428D-A9D3-1042124DC659}.Release|x86.ActiveCfg = Release|Any CPU
		{0D427A7A-4907-428D-A9D3-1042124DC659}.Release|x86.Build.0 = Release|Any CPU
		{ADD28B86-F170-4888-97F3-4CF1136C321A}.Ad-Hoc|Any CPU.ActiveCfg = Release|Any CPU
		{ADD28B86-F170-4888-97F3-4CF1136C321A}.Ad-Hoc|Any CPU.Build.0 = Release|Any CPU
		{ADD28B86-F170-4888-97F3-4CF1136C321A}.Ad-Hoc|Any CPU.Deploy.0 = Release|Any CPU
		{ADD28B86-F170-4888-97F3-4CF1136C321A}.Ad-Hoc|ARM.ActiveCfg = Release|Any CPU
		{ADD28B86-F170-4888-97F3-4CF1136C321A}.Ad-Hoc|ARM.Build.0 = Release|Any CPU
		{ADD28B86-F170-4888-97F3-4CF1136C321A}.Ad-Hoc|ARM.Deploy.0 = Release|Any CPU
		{ADD28B86-F170-4888-97F3-4CF1136C321A}.Ad-Hoc|iPhone.ActiveCfg = Release|Any CPU
		{ADD28B86-F170-4888-97F3-4CF1136C321A}.Ad-Hoc|iPhone.Build.0 = Release|Any CPU
		{ADD28B86-F170-4888-97F3-4CF1136C321A}.Ad-Hoc|iPhone.Deploy.0 = Release|Any CPU
		{ADD28B86-F170-4888-97F3-4CF1136C321A}.Ad-Hoc|iPhoneSimulator.ActiveCfg = Release|Any CPU
		{ADD28B86-F170-4888-97F3-4CF1136C321A}.Ad-Hoc|iPhoneSimulator.Build.0 = Release|Any CPU
		{ADD28B86-F170-4888-97F3-4CF1136C321A}.Ad-Hoc|iPhoneSimulator.Deploy.0 = Release|Any CPU
		{ADD28B86-F170-4888-97F3-4CF1136C321A}.Ad-Hoc|x64.ActiveCfg = Release|Any CPU
		{ADD28B86-F170-4888-97F3-4CF1136C321A}.Ad-Hoc|x64.Build.0 = Release|Any CPU
		{ADD28B86-F170-4888-97F3-4CF1136C321A}.Ad-Hoc|x64.Deploy.0 = Release|Any CPU
		{ADD28B86-F170-4888-97F3-4CF1136C321A}.Ad-Hoc|x86.ActiveCfg = Release|Any CPU
		{ADD28B86-F170-4888-97F3-4CF1136C321A}.Ad-Hoc|x86.Build.0 = Release|Any CPU
		{ADD28B86-F170-4888-97F3-4CF1136C321A}.Ad-Hoc|x86.Deploy.0 = Release|Any CPU
		{ADD28B86-F170-4888-97F3-4CF1136C321A}.AppStore|Any CPU.ActiveCfg = Release|Any CPU
		{ADD28B86-F170-4888-97F3-4CF1136C321A}.AppStore|Any CPU.Build.0 = Release|Any CPU
		{ADD28B86-F170-4888-97F3-4CF1136C321A}.AppStore|Any CPU.Deploy.0 = Release|Any CPU
		{ADD28B86-F170-4888-97F3-4CF1136C321A}.AppStore|ARM.ActiveCfg = Release|Any CPU
		{ADD28B86-F170-4888-97F3-4CF1136C321A}.AppStore|ARM.Build.0 = Release|Any CPU
		{ADD28B86-F170-4888-97F3-4CF1136C321A}.AppStore|ARM.Deploy.0 = Release|Any CPU
		{ADD28B86-F170-4888-97F3-4CF1136C321A}.AppStore|iPhone.ActiveCfg = Release|Any CPU
		{ADD28B86-F170-4888-97F3-4CF1136C321A}.AppStore|iPhone.Build.0 = Release|Any CPU
		{ADD28B86-F170-4888-97F3-4CF1136C321A}.AppStore|iPhone.Deploy.0 = Release|Any CPU
		{ADD28B86-F170-4888-97F3-4CF1136C321A}.AppStore|iPhoneSimulator.ActiveCfg = Release|Any CPU
		{ADD28B86-F170-4888-97F3-4CF1136C321A}.AppStore|iPhoneSimulator.Build.0 = Release|Any CPU
		{ADD28B86-F170-4888-97F3-4CF1136C321A}.AppStore|iPhoneSimulator.Deploy.0 = Release|Any CPU
		{ADD28B86-F170-4888-97F3-4CF1136C321A}.AppStore|x64.ActiveCfg = Release|Any CPU
		{ADD28B86-F170-4888-97F3-4CF1136C321A}.AppStore|x64.Build.0 = Release|Any CPU
		{ADD28B86-F170-4888-97F3-4CF1136C321A}.AppStore|x64.Deploy.0 = Release|Any CPU
		{ADD28B86-F170-4888-97F3-4CF1136C321A}.AppStore|x86.ActiveCfg = Release|Any CPU
		{ADD28B86-F170-4888-97F3-4CF1136C321A}.AppStore|x86.Build.0 = Release|Any CPU
		{ADD28B86-F170-4888-97F3-4CF1136C321A}.AppStore|x86.Deploy.0 = Release|Any CPU
		{ADD28B86-F170-4888-97F3-4CF1136C321A}.Debug|Any CPU.ActiveCfg = Debug|Any CPU
		{ADD28B86-F170-4888-97F3-4CF1136C321A}.Debug|Any CPU.Build.0 = Debug|Any CPU
		{ADD28B86-F170-4888-97F3-4CF1136C321A}.Debug|Any CPU.Deploy.0 = Debug|Any CPU
		{ADD28B86-F170-4888-97F3-4CF1136C321A}.Debug|ARM.ActiveCfg = Debug|Any CPU
		{ADD28B86-F170-4888-97F3-4CF1136C321A}.Debug|ARM.Build.0 = Debug|Any CPU
		{ADD28B86-F170-4888-97F3-4CF1136C321A}.Debug|ARM.Deploy.0 = Debug|Any CPU
		{ADD28B86-F170-4888-97F3-4CF1136C321A}.Debug|iPhone.ActiveCfg = Debug|Any CPU
		{ADD28B86-F170-4888-97F3-4CF1136C321A}.Debug|iPhone.Build.0 = Debug|Any CPU
		{ADD28B86-F170-4888-97F3-4CF1136C321A}.Debug|iPhone.Deploy.0 = Debug|Any CPU
		{ADD28B86-F170-4888-97F3-4CF1136C321A}.Debug|iPhoneSimulator.ActiveCfg = Debug|Any CPU
		{ADD28B86-F170-4888-97F3-4CF1136C321A}.Debug|iPhoneSimulator.Build.0 = Debug|Any CPU
		{ADD28B86-F170-4888-97F3-4CF1136C321A}.Debug|iPhoneSimulator.Deploy.0 = Debug|Any CPU
		{ADD28B86-F170-4888-97F3-4CF1136C321A}.Debug|x64.ActiveCfg = Debug|Any CPU
		{ADD28B86-F170-4888-97F3-4CF1136C321A}.Debug|x64.Build.0 = Debug|Any CPU
		{ADD28B86-F170-4888-97F3-4CF1136C321A}.Debug|x64.Deploy.0 = Debug|Any CPU
		{ADD28B86-F170-4888-97F3-4CF1136C321A}.Debug|x86.ActiveCfg = Debug|Any CPU
		{ADD28B86-F170-4888-97F3-4CF1136C321A}.Debug|x86.Build.0 = Debug|Any CPU
		{ADD28B86-F170-4888-97F3-4CF1136C321A}.Debug|x86.Deploy.0 = Debug|Any CPU
		{ADD28B86-F170-4888-97F3-4CF1136C321A}.Release|Any CPU.ActiveCfg = Release|Any CPU
		{ADD28B86-F170-4888-97F3-4CF1136C321A}.Release|Any CPU.Build.0 = Release|Any CPU
		{ADD28B86-F170-4888-97F3-4CF1136C321A}.Release|Any CPU.Deploy.0 = Release|Any CPU
		{ADD28B86-F170-4888-97F3-4CF1136C321A}.Release|ARM.ActiveCfg = Release|Any CPU
		{ADD28B86-F170-4888-97F3-4CF1136C321A}.Release|ARM.Build.0 = Release|Any CPU
		{ADD28B86-F170-4888-97F3-4CF1136C321A}.Release|ARM.Deploy.0 = Release|Any CPU
		{ADD28B86-F170-4888-97F3-4CF1136C321A}.Release|iPhone.ActiveCfg = Release|Any CPU
		{ADD28B86-F170-4888-97F3-4CF1136C321A}.Release|iPhone.Build.0 = Release|Any CPU
		{ADD28B86-F170-4888-97F3-4CF1136C321A}.Release|iPhone.Deploy.0 = Release|Any CPU
		{ADD28B86-F170-4888-97F3-4CF1136C321A}.Release|iPhoneSimulator.ActiveCfg = Release|Any CPU
		{ADD28B86-F170-4888-97F3-4CF1136C321A}.Release|iPhoneSimulator.Build.0 = Release|Any CPU
		{ADD28B86-F170-4888-97F3-4CF1136C321A}.Release|iPhoneSimulator.Deploy.0 = Release|Any CPU
		{ADD28B86-F170-4888-97F3-4CF1136C321A}.Release|x64.ActiveCfg = Release|Any CPU
		{ADD28B86-F170-4888-97F3-4CF1136C321A}.Release|x64.Build.0 = Release|Any CPU
		{ADD28B86-F170-4888-97F3-4CF1136C321A}.Release|x64.Deploy.0 = Release|Any CPU
		{ADD28B86-F170-4888-97F3-4CF1136C321A}.Release|x86.ActiveCfg = Release|Any CPU
		{ADD28B86-F170-4888-97F3-4CF1136C321A}.Release|x86.Build.0 = Release|Any CPU
		{ADD28B86-F170-4888-97F3-4CF1136C321A}.Release|x86.Deploy.0 = Release|Any CPU
		{223E22C6-B0F4-441E-97ED-7BF981EE3524}.Ad-Hoc|Any CPU.ActiveCfg = Ad-Hoc|iPhone
		{223E22C6-B0F4-441E-97ED-7BF981EE3524}.Ad-Hoc|ARM.ActiveCfg = Ad-Hoc|iPhone
		{223E22C6-B0F4-441E-97ED-7BF981EE3524}.Ad-Hoc|iPhone.ActiveCfg = Ad-Hoc|iPhone
		{223E22C6-B0F4-441E-97ED-7BF981EE3524}.Ad-Hoc|iPhone.Build.0 = Ad-Hoc|iPhone
		{223E22C6-B0F4-441E-97ED-7BF981EE3524}.Ad-Hoc|iPhoneSimulator.ActiveCfg = Ad-Hoc|iPhoneSimulator
		{223E22C6-B0F4-441E-97ED-7BF981EE3524}.Ad-Hoc|iPhoneSimulator.Build.0 = Ad-Hoc|iPhoneSimulator
		{223E22C6-B0F4-441E-97ED-7BF981EE3524}.Ad-Hoc|x64.ActiveCfg = Ad-Hoc|iPhone
		{223E22C6-B0F4-441E-97ED-7BF981EE3524}.Ad-Hoc|x86.ActiveCfg = Ad-Hoc|iPhone
		{223E22C6-B0F4-441E-97ED-7BF981EE3524}.AppStore|Any CPU.ActiveCfg = AppStore|iPhone
		{223E22C6-B0F4-441E-97ED-7BF981EE3524}.AppStore|ARM.ActiveCfg = AppStore|iPhone
		{223E22C6-B0F4-441E-97ED-7BF981EE3524}.AppStore|iPhone.ActiveCfg = AppStore|iPhone
		{223E22C6-B0F4-441E-97ED-7BF981EE3524}.AppStore|iPhone.Build.0 = AppStore|iPhone
		{223E22C6-B0F4-441E-97ED-7BF981EE3524}.AppStore|iPhoneSimulator.ActiveCfg = AppStore|iPhoneSimulator
		{223E22C6-B0F4-441E-97ED-7BF981EE3524}.AppStore|iPhoneSimulator.Build.0 = AppStore|iPhoneSimulator
		{223E22C6-B0F4-441E-97ED-7BF981EE3524}.AppStore|x64.ActiveCfg = AppStore|iPhone
		{223E22C6-B0F4-441E-97ED-7BF981EE3524}.AppStore|x86.ActiveCfg = AppStore|iPhone
		{223E22C6-B0F4-441E-97ED-7BF981EE3524}.Debug|Any CPU.ActiveCfg = Debug|iPhone
		{223E22C6-B0F4-441E-97ED-7BF981EE3524}.Debug|ARM.ActiveCfg = Debug|iPhone
		{223E22C6-B0F4-441E-97ED-7BF981EE3524}.Debug|iPhone.ActiveCfg = Debug|iPhone
		{223E22C6-B0F4-441E-97ED-7BF981EE3524}.Debug|iPhone.Build.0 = Debug|iPhone
		{223E22C6-B0F4-441E-97ED-7BF981EE3524}.Debug|iPhoneSimulator.ActiveCfg = Debug|iPhoneSimulator
		{223E22C6-B0F4-441E-97ED-7BF981EE3524}.Debug|iPhoneSimulator.Build.0 = Debug|iPhoneSimulator
		{223E22C6-B0F4-441E-97ED-7BF981EE3524}.Debug|x64.ActiveCfg = Debug|iPhone
		{223E22C6-B0F4-441E-97ED-7BF981EE3524}.Debug|x86.ActiveCfg = Debug|iPhone
		{223E22C6-B0F4-441E-97ED-7BF981EE3524}.Release|Any CPU.ActiveCfg = Release|iPhone
		{223E22C6-B0F4-441E-97ED-7BF981EE3524}.Release|ARM.ActiveCfg = Release|iPhone
		{223E22C6-B0F4-441E-97ED-7BF981EE3524}.Release|iPhone.ActiveCfg = Release|iPhone
		{223E22C6-B0F4-441E-97ED-7BF981EE3524}.Release|iPhone.Build.0 = Release|iPhone
		{223E22C6-B0F4-441E-97ED-7BF981EE3524}.Release|iPhoneSimulator.ActiveCfg = Release|iPhoneSimulator
		{223E22C6-B0F4-441E-97ED-7BF981EE3524}.Release|iPhoneSimulator.Build.0 = Release|iPhoneSimulator
		{223E22C6-B0F4-441E-97ED-7BF981EE3524}.Release|x64.ActiveCfg = Release|iPhone
		{223E22C6-B0F4-441E-97ED-7BF981EE3524}.Release|x86.ActiveCfg = Release|iPhone
		{ABA30136-2D7A-4FA5-914C-E47C7A0F2878}.Ad-Hoc|Any CPU.ActiveCfg = Release|Any CPU
		{ABA30136-2D7A-4FA5-914C-E47C7A0F2878}.Ad-Hoc|Any CPU.Build.0 = Release|Any CPU
		{ABA30136-2D7A-4FA5-914C-E47C7A0F2878}.Ad-Hoc|Any CPU.Deploy.0 = Release|Any CPU
		{ABA30136-2D7A-4FA5-914C-E47C7A0F2878}.Ad-Hoc|ARM.ActiveCfg = Release|ARM
		{ABA30136-2D7A-4FA5-914C-E47C7A0F2878}.Ad-Hoc|ARM.Build.0 = Release|ARM
		{ABA30136-2D7A-4FA5-914C-E47C7A0F2878}.Ad-Hoc|ARM.Deploy.0 = Release|ARM
		{ABA30136-2D7A-4FA5-914C-E47C7A0F2878}.Ad-Hoc|iPhone.ActiveCfg = Release|Any CPU
		{ABA30136-2D7A-4FA5-914C-E47C7A0F2878}.Ad-Hoc|iPhone.Build.0 = Release|Any CPU
		{ABA30136-2D7A-4FA5-914C-E47C7A0F2878}.Ad-Hoc|iPhone.Deploy.0 = Release|Any CPU
		{ABA30136-2D7A-4FA5-914C-E47C7A0F2878}.Ad-Hoc|iPhoneSimulator.ActiveCfg = Release|Any CPU
		{ABA30136-2D7A-4FA5-914C-E47C7A0F2878}.Ad-Hoc|iPhoneSimulator.Build.0 = Release|Any CPU
		{ABA30136-2D7A-4FA5-914C-E47C7A0F2878}.Ad-Hoc|iPhoneSimulator.Deploy.0 = Release|Any CPU
		{ABA30136-2D7A-4FA5-914C-E47C7A0F2878}.Ad-Hoc|x64.ActiveCfg = Release|Any CPU
		{ABA30136-2D7A-4FA5-914C-E47C7A0F2878}.Ad-Hoc|x64.Build.0 = Release|Any CPU
		{ABA30136-2D7A-4FA5-914C-E47C7A0F2878}.Ad-Hoc|x64.Deploy.0 = Release|Any CPU
		{ABA30136-2D7A-4FA5-914C-E47C7A0F2878}.Ad-Hoc|x86.ActiveCfg = Release|x86
		{ABA30136-2D7A-4FA5-914C-E47C7A0F2878}.Ad-Hoc|x86.Build.0 = Release|x86
		{ABA30136-2D7A-4FA5-914C-E47C7A0F2878}.Ad-Hoc|x86.Deploy.0 = Release|x86
		{ABA30136-2D7A-4FA5-914C-E47C7A0F2878}.AppStore|Any CPU.ActiveCfg = Release|Any CPU
		{ABA30136-2D7A-4FA5-914C-E47C7A0F2878}.AppStore|Any CPU.Build.0 = Release|Any CPU
		{ABA30136-2D7A-4FA5-914C-E47C7A0F2878}.AppStore|Any CPU.Deploy.0 = Release|Any CPU
		{ABA30136-2D7A-4FA5-914C-E47C7A0F2878}.AppStore|ARM.ActiveCfg = Release|ARM
		{ABA30136-2D7A-4FA5-914C-E47C7A0F2878}.AppStore|ARM.Build.0 = Release|ARM
		{ABA30136-2D7A-4FA5-914C-E47C7A0F2878}.AppStore|ARM.Deploy.0 = Release|ARM
		{ABA30136-2D7A-4FA5-914C-E47C7A0F2878}.AppStore|iPhone.ActiveCfg = Release|Any CPU
		{ABA30136-2D7A-4FA5-914C-E47C7A0F2878}.AppStore|iPhone.Build.0 = Release|Any CPU
		{ABA30136-2D7A-4FA5-914C-E47C7A0F2878}.AppStore|iPhone.Deploy.0 = Release|Any CPU
		{ABA30136-2D7A-4FA5-914C-E47C7A0F2878}.AppStore|iPhoneSimulator.ActiveCfg = Release|Any CPU
		{ABA30136-2D7A-4FA5-914C-E47C7A0F2878}.AppStore|iPhoneSimulator.Build.0 = Release|Any CPU
		{ABA30136-2D7A-4FA5-914C-E47C7A0F2878}.AppStore|iPhoneSimulator.Deploy.0 = Release|Any CPU
		{ABA30136-2D7A-4FA5-914C-E47C7A0F2878}.AppStore|x64.ActiveCfg = Release|Any CPU
		{ABA30136-2D7A-4FA5-914C-E47C7A0F2878}.AppStore|x64.Build.0 = Release|Any CPU
		{ABA30136-2D7A-4FA5-914C-E47C7A0F2878}.AppStore|x64.Deploy.0 = Release|Any CPU
		{ABA30136-2D7A-4FA5-914C-E47C7A0F2878}.AppStore|x86.ActiveCfg = Release|x86
		{ABA30136-2D7A-4FA5-914C-E47C7A0F2878}.AppStore|x86.Build.0 = Release|x86
		{ABA30136-2D7A-4FA5-914C-E47C7A0F2878}.AppStore|x86.Deploy.0 = Release|x86
		{ABA30136-2D7A-4FA5-914C-E47C7A0F2878}.Debug|Any CPU.ActiveCfg = Debug|Any CPU
		{ABA30136-2D7A-4FA5-914C-E47C7A0F2878}.Debug|Any CPU.Build.0 = Debug|Any CPU
		{ABA30136-2D7A-4FA5-914C-E47C7A0F2878}.Debug|Any CPU.Deploy.0 = Debug|Any CPU
		{ABA30136-2D7A-4FA5-914C-E47C7A0F2878}.Debug|ARM.ActiveCfg = Debug|ARM
		{ABA30136-2D7A-4FA5-914C-E47C7A0F2878}.Debug|ARM.Build.0 = Debug|ARM
		{ABA30136-2D7A-4FA5-914C-E47C7A0F2878}.Debug|ARM.Deploy.0 = Debug|ARM
		{ABA30136-2D7A-4FA5-914C-E47C7A0F2878}.Debug|iPhone.ActiveCfg = Debug|Any CPU
		{ABA30136-2D7A-4FA5-914C-E47C7A0F2878}.Debug|iPhone.Build.0 = Debug|Any CPU
		{ABA30136-2D7A-4FA5-914C-E47C7A0F2878}.Debug|iPhone.Deploy.0 = Debug|Any CPU
		{ABA30136-2D7A-4FA5-914C-E47C7A0F2878}.Debug|iPhoneSimulator.ActiveCfg = Debug|Any CPU
		{ABA30136-2D7A-4FA5-914C-E47C7A0F2878}.Debug|iPhoneSimulator.Build.0 = Debug|Any CPU
		{ABA30136-2D7A-4FA5-914C-E47C7A0F2878}.Debug|iPhoneSimulator.Deploy.0 = Debug|Any CPU
		{ABA30136-2D7A-4FA5-914C-E47C7A0F2878}.Debug|x64.ActiveCfg = Debug|Any CPU
		{ABA30136-2D7A-4FA5-914C-E47C7A0F2878}.Debug|x64.Build.0 = Debug|Any CPU
		{ABA30136-2D7A-4FA5-914C-E47C7A0F2878}.Debug|x64.Deploy.0 = Debug|Any CPU
		{ABA30136-2D7A-4FA5-914C-E47C7A0F2878}.Debug|x86.ActiveCfg = Debug|x86
		{ABA30136-2D7A-4FA5-914C-E47C7A0F2878}.Debug|x86.Build.0 = Debug|x86
		{ABA30136-2D7A-4FA5-914C-E47C7A0F2878}.Debug|x86.Deploy.0 = Debug|x86
		{ABA30136-2D7A-4FA5-914C-E47C7A0F2878}.Release|Any CPU.ActiveCfg = Release|Any CPU
		{ABA30136-2D7A-4FA5-914C-E47C7A0F2878}.Release|Any CPU.Build.0 = Release|Any CPU
		{ABA30136-2D7A-4FA5-914C-E47C7A0F2878}.Release|Any CPU.Deploy.0 = Release|Any CPU
		{ABA30136-2D7A-4FA5-914C-E47C7A0F2878}.Release|ARM.ActiveCfg = Release|ARM
		{ABA30136-2D7A-4FA5-914C-E47C7A0F2878}.Release|ARM.Build.0 = Release|ARM
		{ABA30136-2D7A-4FA5-914C-E47C7A0F2878}.Release|ARM.Deploy.0 = Release|ARM
		{ABA30136-2D7A-4FA5-914C-E47C7A0F2878}.Release|iPhone.ActiveCfg = Release|Any CPU
		{ABA30136-2D7A-4FA5-914C-E47C7A0F2878}.Release|iPhone.Build.0 = Release|Any CPU
		{ABA30136-2D7A-4FA5-914C-E47C7A0F2878}.Release|iPhone.Deploy.0 = Release|Any CPU
		{ABA30136-2D7A-4FA5-914C-E47C7A0F2878}.Release|iPhoneSimulator.ActiveCfg = Release|Any CPU
		{ABA30136-2D7A-4FA5-914C-E47C7A0F2878}.Release|iPhoneSimulator.Build.0 = Release|Any CPU
		{ABA30136-2D7A-4FA5-914C-E47C7A0F2878}.Release|iPhoneSimulator.Deploy.0 = Release|Any CPU
		{ABA30136-2D7A-4FA5-914C-E47C7A0F2878}.Release|x64.ActiveCfg = Release|Any CPU
		{ABA30136-2D7A-4FA5-914C-E47C7A0F2878}.Release|x64.Build.0 = Release|Any CPU
		{ABA30136-2D7A-4FA5-914C-E47C7A0F2878}.Release|x64.Deploy.0 = Release|Any CPU
		{ABA30136-2D7A-4FA5-914C-E47C7A0F2878}.Release|x86.ActiveCfg = Release|x86
		{ABA30136-2D7A-4FA5-914C-E47C7A0F2878}.Release|x86.Build.0 = Release|x86
		{ABA30136-2D7A-4FA5-914C-E47C7A0F2878}.Release|x86.Deploy.0 = Release|x86
		{F5733A37-A4ED-4408-B9D0-A44AF41A7F5C}.Ad-Hoc|Any CPU.ActiveCfg = Release|Any CPU
		{F5733A37-A4ED-4408-B9D0-A44AF41A7F5C}.Ad-Hoc|Any CPU.Build.0 = Release|Any CPU
		{F5733A37-A4ED-4408-B9D0-A44AF41A7F5C}.Ad-Hoc|Any CPU.Deploy.0 = Release|Any CPU
		{F5733A37-A4ED-4408-B9D0-A44AF41A7F5C}.Ad-Hoc|ARM.ActiveCfg = Release|ARM
		{F5733A37-A4ED-4408-B9D0-A44AF41A7F5C}.Ad-Hoc|ARM.Build.0 = Release|ARM
		{F5733A37-A4ED-4408-B9D0-A44AF41A7F5C}.Ad-Hoc|ARM.Deploy.0 = Release|ARM
		{F5733A37-A4ED-4408-B9D0-A44AF41A7F5C}.Ad-Hoc|iPhone.ActiveCfg = Release|Any CPU
		{F5733A37-A4ED-4408-B9D0-A44AF41A7F5C}.Ad-Hoc|iPhone.Build.0 = Release|Any CPU
		{F5733A37-A4ED-4408-B9D0-A44AF41A7F5C}.Ad-Hoc|iPhone.Deploy.0 = Release|Any CPU
		{F5733A37-A4ED-4408-B9D0-A44AF41A7F5C}.Ad-Hoc|iPhoneSimulator.ActiveCfg = Release|Any CPU
		{F5733A37-A4ED-4408-B9D0-A44AF41A7F5C}.Ad-Hoc|iPhoneSimulator.Build.0 = Release|Any CPU
		{F5733A37-A4ED-4408-B9D0-A44AF41A7F5C}.Ad-Hoc|iPhoneSimulator.Deploy.0 = Release|Any CPU
		{F5733A37-A4ED-4408-B9D0-A44AF41A7F5C}.Ad-Hoc|x64.ActiveCfg = Release|x64
		{F5733A37-A4ED-4408-B9D0-A44AF41A7F5C}.Ad-Hoc|x64.Build.0 = Release|x64
		{F5733A37-A4ED-4408-B9D0-A44AF41A7F5C}.Ad-Hoc|x64.Deploy.0 = Release|x64
		{F5733A37-A4ED-4408-B9D0-A44AF41A7F5C}.Ad-Hoc|x86.ActiveCfg = Release|x86
		{F5733A37-A4ED-4408-B9D0-A44AF41A7F5C}.Ad-Hoc|x86.Build.0 = Release|x86
		{F5733A37-A4ED-4408-B9D0-A44AF41A7F5C}.Ad-Hoc|x86.Deploy.0 = Release|x86
		{F5733A37-A4ED-4408-B9D0-A44AF41A7F5C}.AppStore|Any CPU.ActiveCfg = Release|Any CPU
		{F5733A37-A4ED-4408-B9D0-A44AF41A7F5C}.AppStore|Any CPU.Build.0 = Release|Any CPU
		{F5733A37-A4ED-4408-B9D0-A44AF41A7F5C}.AppStore|Any CPU.Deploy.0 = Release|Any CPU
		{F5733A37-A4ED-4408-B9D0-A44AF41A7F5C}.AppStore|ARM.ActiveCfg = Release|ARM
		{F5733A37-A4ED-4408-B9D0-A44AF41A7F5C}.AppStore|ARM.Build.0 = Release|ARM
		{F5733A37-A4ED-4408-B9D0-A44AF41A7F5C}.AppStore|ARM.Deploy.0 = Release|ARM
		{F5733A37-A4ED-4408-B9D0-A44AF41A7F5C}.AppStore|iPhone.ActiveCfg = Release|Any CPU
		{F5733A37-A4ED-4408-B9D0-A44AF41A7F5C}.AppStore|iPhone.Build.0 = Release|Any CPU
		{F5733A37-A4ED-4408-B9D0-A44AF41A7F5C}.AppStore|iPhone.Deploy.0 = Release|Any CPU
		{F5733A37-A4ED-4408-B9D0-A44AF41A7F5C}.AppStore|iPhoneSimulator.ActiveCfg = Release|Any CPU
		{F5733A37-A4ED-4408-B9D0-A44AF41A7F5C}.AppStore|iPhoneSimulator.Build.0 = Release|Any CPU
		{F5733A37-A4ED-4408-B9D0-A44AF41A7F5C}.AppStore|iPhoneSimulator.Deploy.0 = Release|Any CPU
		{F5733A37-A4ED-4408-B9D0-A44AF41A7F5C}.AppStore|x64.ActiveCfg = Release|x64
		{F5733A37-A4ED-4408-B9D0-A44AF41A7F5C}.AppStore|x64.Build.0 = Release|x64
		{F5733A37-A4ED-4408-B9D0-A44AF41A7F5C}.AppStore|x64.Deploy.0 = Release|x64
		{F5733A37-A4ED-4408-B9D0-A44AF41A7F5C}.AppStore|x86.ActiveCfg = Release|x86
		{F5733A37-A4ED-4408-B9D0-A44AF41A7F5C}.AppStore|x86.Build.0 = Release|x86
		{F5733A37-A4ED-4408-B9D0-A44AF41A7F5C}.AppStore|x86.Deploy.0 = Release|x86
		{F5733A37-A4ED-4408-B9D0-A44AF41A7F5C}.Debug|Any CPU.ActiveCfg = Debug|Any CPU
		{F5733A37-A4ED-4408-B9D0-A44AF41A7F5C}.Debug|Any CPU.Build.0 = Debug|Any CPU
		{F5733A37-A4ED-4408-B9D0-A44AF41A7F5C}.Debug|Any CPU.Deploy.0 = Debug|Any CPU
		{F5733A37-A4ED-4408-B9D0-A44AF41A7F5C}.Debug|ARM.ActiveCfg = Debug|ARM
		{F5733A37-A4ED-4408-B9D0-A44AF41A7F5C}.Debug|ARM.Build.0 = Debug|ARM
		{F5733A37-A4ED-4408-B9D0-A44AF41A7F5C}.Debug|ARM.Deploy.0 = Debug|ARM
		{F5733A37-A4ED-4408-B9D0-A44AF41A7F5C}.Debug|iPhone.ActiveCfg = Debug|Any CPU
		{F5733A37-A4ED-4408-B9D0-A44AF41A7F5C}.Debug|iPhone.Build.0 = Debug|Any CPU
		{F5733A37-A4ED-4408-B9D0-A44AF41A7F5C}.Debug|iPhone.Deploy.0 = Debug|Any CPU
		{F5733A37-A4ED-4408-B9D0-A44AF41A7F5C}.Debug|iPhoneSimulator.ActiveCfg = Debug|Any CPU
		{F5733A37-A4ED-4408-B9D0-A44AF41A7F5C}.Debug|iPhoneSimulator.Build.0 = Debug|Any CPU
		{F5733A37-A4ED-4408-B9D0-A44AF41A7F5C}.Debug|iPhoneSimulator.Deploy.0 = Debug|Any CPU
		{F5733A37-A4ED-4408-B9D0-A44AF41A7F5C}.Debug|x64.ActiveCfg = Debug|x64
		{F5733A37-A4ED-4408-B9D0-A44AF41A7F5C}.Debug|x64.Build.0 = Debug|x64
		{F5733A37-A4ED-4408-B9D0-A44AF41A7F5C}.Debug|x64.Deploy.0 = Debug|x64
		{F5733A37-A4ED-4408-B9D0-A44AF41A7F5C}.Debug|x86.ActiveCfg = Debug|x86
		{F5733A37-A4ED-4408-B9D0-A44AF41A7F5C}.Debug|x86.Build.0 = Debug|x86
		{F5733A37-A4ED-4408-B9D0-A44AF41A7F5C}.Debug|x86.Deploy.0 = Debug|x86
		{F5733A37-A4ED-4408-B9D0-A44AF41A7F5C}.Release|Any CPU.ActiveCfg = Release|Any CPU
		{F5733A37-A4ED-4408-B9D0-A44AF41A7F5C}.Release|Any CPU.Build.0 = Release|Any CPU
		{F5733A37-A4ED-4408-B9D0-A44AF41A7F5C}.Release|Any CPU.Deploy.0 = Release|Any CPU
		{F5733A37-A4ED-4408-B9D0-A44AF41A7F5C}.Release|ARM.ActiveCfg = Release|ARM
		{F5733A37-A4ED-4408-B9D0-A44AF41A7F5C}.Release|ARM.Build.0 = Release|ARM
		{F5733A37-A4ED-4408-B9D0-A44AF41A7F5C}.Release|ARM.Deploy.0 = Release|ARM
		{F5733A37-A4ED-4408-B9D0-A44AF41A7F5C}.Release|iPhone.ActiveCfg = Release|Any CPU
		{F5733A37-A4ED-4408-B9D0-A44AF41A7F5C}.Release|iPhone.Build.0 = Release|Any CPU
		{F5733A37-A4ED-4408-B9D0-A44AF41A7F5C}.Release|iPhone.Deploy.0 = Release|Any CPU
		{F5733A37-A4ED-4408-B9D0-A44AF41A7F5C}.Release|iPhoneSimulator.ActiveCfg = Release|Any CPU
		{F5733A37-A4ED-4408-B9D0-A44AF41A7F5C}.Release|iPhoneSimulator.Build.0 = Release|Any CPU
		{F5733A37-A4ED-4408-B9D0-A44AF41A7F5C}.Release|iPhoneSimulator.Deploy.0 = Release|Any CPU
		{F5733A37-A4ED-4408-B9D0-A44AF41A7F5C}.Release|x64.ActiveCfg = Release|x64
		{F5733A37-A4ED-4408-B9D0-A44AF41A7F5C}.Release|x64.Build.0 = Release|x64
		{F5733A37-A4ED-4408-B9D0-A44AF41A7F5C}.Release|x64.Deploy.0 = Release|x64
		{F5733A37-A4ED-4408-B9D0-A44AF41A7F5C}.Release|x86.ActiveCfg = Release|x86
		{F5733A37-A4ED-4408-B9D0-A44AF41A7F5C}.Release|x86.Build.0 = Release|x86
		{F5733A37-A4ED-4408-B9D0-A44AF41A7F5C}.Release|x86.Deploy.0 = Release|x86
	EndGlobalSection
	GlobalSection(SolutionProperties) = preSolution
		HideSolutionNode = FALSE
	EndGlobalSection
EndGlobal
